
Microsoft Visual Studio Solution File, Format Version 12.00
Project("{FAE04EC0-301F-11D3-BF4B-00C04F79EFBC}") = "SignofIntegerNumbers", "SignofIntegerNumbers\SignofIntegerNumbers.csproj", "{230F22A8-A24D-4AE7-8AFE-4D47BA1D6511}"
EndProject
Global
	GlobalSection(SolutionConfigurationPlatforms) = preSolution
		Debug|Any CPU = Debug|Any CPU
		Release|Any CPU = Release|Any CPU
	EndGlobalSection
	GlobalSection(ProjectConfigurationPlatforms) = postSolution
		{230F22A8-A24D-4AE7-8AFE-4D47BA1D6511}.Debug|Any CPU.ActiveCfg = Debug|Any CPU
		{230F22A8-A24D-4AE7-8AFE-4D47BA1D6511}.Debug|Any CPU.Build.0 = Debug|Any CPU
		{230F22A8-A24D-4AE7-8AFE-4D47BA1D6511}.Release|Any CPU.ActiveCfg = Release|Any CPU
		{230F22A8-A24D-4AE7-8AFE-4D47BA1D6511}.Release|Any CPU.Build.0 = Release|Any CPU
	EndGlobalSection
EndGlobal
